
Microsoft Visual Studio Solution File, Format Version 12.00
# Visual Studio Version 16
VisualStudioVersion = 16.0.31702.278
MinimumVisualStudioVersion = 10.0.40219.1
Project("{FAE04EC0-301F-11D3-BF4B-00C04F79EFBC}") = "MoodAnalyser01_Core", "MoodAnalyser01_Core\MoodAnalyser01_Core.csproj", "{FF4F526D-8682-4CCE-BCE6-853D258E4B4F}"
EndProject
Project("{FAE04EC0-301F-11D3-BF4B-00C04F79EFBC}") = "MoodAnalyser01Test_Core", "MoodAnalyser01Test_Core\MoodAnalyser01Test_Core.csproj", "{93729F97-8E9F-4620-A7C2-2DA91F813037}"
EndProject
Global
	GlobalSection(SolutionConfigurationPlatforms) = preSolution
		Debug|Any CPU = Debug|Any CPU
		Release|Any CPU = Release|Any CPU
	EndGlobalSection
	GlobalSection(ProjectConfigurationPlatforms) = postSolution
		{FF4F526D-8682-4CCE-BCE6-853D258E4B4F}.Debug|Any CPU.ActiveCfg = Debug|Any CPU
		{FF4F526D-8682-4CCE-BCE6-853D258E4B4F}.Debug|Any CPU.Build.0 = Debug|Any CPU
		{FF4F526D-8682-4CCE-BCE6-853D258E4B4F}.Release|Any CPU.ActiveCfg = Release|Any CPU
		{FF4F526D-8682-4CCE-BCE6-853D258E4B4F}.Release|Any CPU.Build.0 = Release|Any CPU
		{93729F97-8E9F-4620-A7C2-2DA91F813037}.Debug|Any CPU.ActiveCfg = Debug|Any CPU
		{93729F97-8E9F-4620-A7C2-2DA91F813037}.Debug|Any CPU.Build.0 = Debug|Any CPU
		{93729F97-8E9F-4620-A7C2-2DA91F813037}.Release|Any CPU.ActiveCfg = Release|Any CPU
		{93729F97-8E9F-4620-A7C2-2DA91F813037}.Release|Any CPU.Build.0 = Release|Any CPU
	EndGlobalSection
	GlobalSection(SolutionProperties) = preSolution
		HideSolutionNode = FALSE
	EndGlobalSection
	GlobalSection(ExtensibilityGlobals) = postSolution
		SolutionGuid = {254A6760-3B02-4252-9139-C55B4E7C785E}
	EndGlobalSection
EndGlobal
